
Microsoft Visual Studio Solution File, Format Version 12.00
# Visual Studio Version 16
VisualStudioVersion = 16.0.30503.244
MinimumVisualStudioVersion = 10.0.40219.1
Project("{FAE04EC0-301F-11D3-BF4B-00C04F79EFBC}") = "01. Unique Usernames", "01. Unique Usernames\01. Unique Usernames.csproj", "{3F7A54D0-77AF-497E-BFB6-F4B6F6F544A2}"
EndProject
Project("{FAE04EC0-301F-11D3-BF4B-00C04F79EFBC}") = "02. Sets of Elements", "02. Sets of Elements\02. Sets of Elements.csproj", "{155E12ED-A181-45C7-8F95-D9343F0BCDD4}"
EndProject
Project("{FAE04EC0-301F-11D3-BF4B-00C04F79EFBC}") = "03. Periodic Table", "03. Periodic Table\03. Periodic Table.csproj", "{671C9E39-B2C9-4EB8-AF4D-C868EDFCC70D}"
EndProject
Project("{FAE04EC0-301F-11D3-BF4B-00C04F79EFBC}") = "04. Even Times", "04. Even Times\04. Even Times.csproj", "{629DA576-2FA1-4151-9AB5-E99CEAEF3E6A}"
EndProject
Project("{FAE04EC0-301F-11D3-BF4B-00C04F79EFBC}") = "05. Count Symbols", "05. Count Symbols\05. Count Symbols.csproj", "{9413EC1B-8C07-4E58-B655-F15EF48E7B70}"
EndProject
Global
	GlobalSection(SolutionConfigurationPlatforms) = preSolution
		Debug|Any CPU = Debug|Any CPU
		Release|Any CPU = Release|Any CPU
	EndGlobalSection
	GlobalSection(ProjectConfigurationPlatforms) = postSolution
		{3F7A54D0-77AF-497E-BFB6-F4B6F6F544A2}.Debug|Any CPU.ActiveCfg = Debug|Any CPU
		{3F7A54D0-77AF-497E-BFB6-F4B6F6F544A2}.Debug|Any CPU.Build.0 = Debug|Any CPU
		{3F7A54D0-77AF-497E-BFB6-F4B6F6F544A2}.Release|Any CPU.ActiveCfg = Release|Any CPU
		{3F7A54D0-77AF-497E-BFB6-F4B6F6F544A2}.Release|Any CPU.Build.0 = Release|Any CPU
		{155E12ED-A181-45C7-8F95-D9343F0BCDD4}.Debug|Any CPU.ActiveCfg = Debug|Any CPU
		{155E12ED-A181-45C7-8F95-D9343F0BCDD4}.Debug|Any CPU.Build.0 = Debug|Any CPU
		{155E12ED-A181-45C7-8F95-D9343F0BCDD4}.Release|Any CPU.ActiveCfg = Release|Any CPU
		{155E12ED-A181-45C7-8F95-D9343F0BCDD4}.Release|Any CPU.Build.0 = Release|Any CPU
		{671C9E39-B2C9-4EB8-AF4D-C868EDFCC70D}.Debug|Any CPU.ActiveCfg = Debug|Any CPU
		{671C9E39-B2C9-4EB8-AF4D-C868EDFCC70D}.Debug|Any CPU.Build.0 = Debug|Any CPU
		{671C9E39-B2C9-4EB8-AF4D-C868EDFCC70D}.Release|Any CPU.ActiveCfg = Release|Any CPU
		{671C9E39-B2C9-4EB8-AF4D-C868EDFCC70D}.Release|Any CPU.Build.0 = Release|Any CPU
		{629DA576-2FA1-4151-9AB5-E99CEAEF3E6A}.Debug|Any CPU.ActiveCfg = Debug|Any CPU
		{629DA576-2FA1-4151-9AB5-E99CEAEF3E6A}.Debug|Any CPU.Build.0 = Debug|Any CPU
		{629DA576-2FA1-4151-9AB5-E99CEAEF3E6A}.Release|Any CPU.ActiveCfg = Release|Any CPU
		{629DA576-2FA1-4151-9AB5-E99CEAEF3E6A}.Release|Any CPU.Build.0 = Release|Any CPU
		{9413EC1B-8C07-4E58-B655-F15EF48E7B70}.Debug|Any CPU.ActiveCfg = Debug|Any CPU
		{9413EC1B-8C07-4E58-B655-F15EF48E7B70}.Debug|Any CPU.Build.0 = Debug|Any CPU
		{9413EC1B-8C07-4E58-B655-F15EF48E7B70}.Release|Any CPU.ActiveCfg = Release|Any CPU
		{9413EC1B-8C07-4E58-B655-F15EF48E7B70}.Release|Any CPU.Build.0 = Release|Any CPU
	EndGlobalSection
	GlobalSection(SolutionProperties) = preSolution
		HideSolutionNode = FALSE
	EndGlobalSection
	GlobalSection(ExtensibilityGlobals) = postSolution
		SolutionGuid = {F9D61806-4BBE-4C99-8B36-9856DB68C600}
	EndGlobalSection
EndGlobal
