
Microsoft Visual Studio Solution File, Format Version 12.00
# Visual Studio Version 16
VisualStudioVersion = 16.0.30503.244
MinimumVisualStudioVersion = 10.0.40219.1
Project("{FAE04EC0-301F-11D3-BF4B-00C04F79EFBC}") = "Car", "Car\Car.csproj", "{B963341F-53F5-4CF0-B99D-1DDE165D47E2}"
EndProject
Global
	GlobalSection(SolutionConfigurationPlatforms) = preSolution
		Debug|Any CPU = Debug|Any CPU
		Release|Any CPU = Release|Any CPU
	EndGlobalSection
	GlobalSection(ProjectConfigurationPlatforms) = postSolution
		{B963341F-53F5-4CF0-B99D-1DDE165D47E2}.Debug|Any CPU.ActiveCfg = Debug|Any CPU
		{B963341F-53F5-4CF0-B99D-1DDE165D47E2}.Debug|Any CPU.Build.0 = Debug|Any CPU
		{B963341F-53F5-4CF0-B99D-1DDE165D47E2}.Release|Any CPU.ActiveCfg = Release|Any CPU
		{B963341F-53F5-4CF0-B99D-1DDE165D47E2}.Release|Any CPU.Build.0 = Release|Any CPU
	EndGlobalSection
	GlobalSection(SolutionProperties) = preSolution
		HideSolutionNode = FALSE
	EndGlobalSection
	GlobalSection(ExtensibilityGlobals) = postSolution
		SolutionGuid = {7A308AE1-55FA-4DB6-956B-9B20DF31BE1C}
	EndGlobalSection
EndGlobal
